// !$*UTF8*$!
{
	archiveVersion = 1;
	classes = {
	};
	objectVersion = 46;
	objects = {

/* Begin PBXBuildFile section */
		B2C161C6191AF7A6009BF03E /* Foundation.framework in Frameworks */ = {isa = PBXBuildFile; fileRef = B2C161C5191AF7A6009BF03E /* Foundation.framework */; };
		B2C161C8191AF7A6009BF03E /* CoreGraphics.framework in Frameworks */ = {isa = PBXBuildFile; fileRef = B2C161C7191AF7A6009BF03E /* CoreGraphics.framework */; };
		B2C161CA191AF7A6009BF03E /* UIKit.framework in Frameworks */ = {isa = PBXBuildFile; fileRef = B2C161C9191AF7A6009BF03E /* UIKit.framework */; };
		B2C161D0191AF7A6009BF03E /* InfoPlist.strings in Resources */ = {isa = PBXBuildFile; fileRef = B2C161CE191AF7A6009BF03E /* InfoPlist.strings */; };
		B2C161D2191AF7A6009BF03E /* main.m in Sources */ = {isa = PBXBuildFile; fileRef = B2C161D1191AF7A6009BF03E /* main.m */; };
		B2C161D6191AF7A6009BF03E /* PBAppDelegate.m in Sources */ = {isa = PBXBuildFile; fileRef = B2C161D5191AF7A6009BF03E /* PBAppDelegate.m */; };
		B2C161D9191AF7A6009BF03E /* Main.storyboard in Resources */ = {isa = PBXBuildFile; fileRef = B2C161D7191AF7A6009BF03E /* Main.storyboard */; };
		B2C161DC191AF7A6009BF03E /* PBViewController.m in Sources */ = {isa = PBXBuildFile; fileRef = B2C161DB191AF7A6009BF03E /* PBViewController.m */; };
		B2C161DE191AF7A6009BF03E /* Images.xcassets in Resources */ = {isa = PBXBuildFile; fileRef = B2C161DD191AF7A6009BF03E /* Images.xcassets */; };
		B2C161E5191AF7A6009BF03E /* XCTest.framework in Frameworks */ = {isa = PBXBuildFile; fileRef = B2C161E4191AF7A6009BF03E /* XCTest.framework */; };
		B2C161E6191AF7A6009BF03E /* Foundation.framework in Frameworks */ = {isa = PBXBuildFile; fileRef = B2C161C5191AF7A6009BF03E /* Foundation.framework */; };
		B2C161E7191AF7A6009BF03E /* UIKit.framework in Frameworks */ = {isa = PBXBuildFile; fileRef = B2C161C9191AF7A6009BF03E /* UIKit.framework */; };
		B2C161EF191AF7A6009BF03E /* InfoPlist.strings in Resources */ = {isa = PBXBuildFile; fileRef = B2C161ED191AF7A6009BF03E /* InfoPlist.strings */; };
		B2C161F1191AF7A6009BF03E /* ProgressBarTests.m in Sources */ = {isa = PBXBuildFile; fileRef = B2C161F0191AF7A6009BF03E /* ProgressBarTests.m */; };
/* End PBXBuildFile section */

/* Begin PBXContainerItemProxy section */
		B2C161E8191AF7A6009BF03E /* PBXContainerItemProxy */ = {
			isa = PBXContainerItemProxy;
			containerPortal = B2C161BA191AF7A6009BF03E /* Project object */;
			proxyType = 1;
			remoteGlobalIDString = B2C161C1191AF7A6009BF03E;
			remoteInfo = ProgressBar;
		};
/* End PBXContainerItemProxy section */

/* Begin PBXFileReference section */
		B2C161C2191AF7A6009BF03E /* ProgressBar.app */ = {isa = PBXFileReference; explicitFileType = wrapper.application; includeInIndex = 0; path = ProgressBar.app; sourceTree = BUILT_PRODUCTS_DIR; };
		B2C161C5191AF7A6009BF03E /* Foundation.framework */ = {isa = PBXFileReference; lastKnownFileType = wrapper.framework; name = Foundation.framework; path = System/Library/Frameworks/Foundation.framework; sourceTree = SDKROOT; };
		B2C161C7191AF7A6009BF03E /* CoreGraphics.framework */ = {isa = PBXFileReference; lastKnownFileType = wrapper.framework; name = CoreGraphics.framework; path = System/Library/Frameworks/CoreGraphics.framework; sourceTree = SDKROOT; };
		B2C161C9191AF7A6009BF03E /* UIKit.framework */ = {isa = PBXFileReference; lastKnownFileType = wrapper.framework; name = UIKit.framework; path = System/Library/Frameworks/UIKit.framework; sourceTree = SDKROOT; };
		B2C161CD191AF7A6009BF03E /* ProgressBar-Info.plist */ = {isa = PBXFileReference; lastKnownFileType = text.plist.xml; path = "ProgressBar-Info.plist"; sourceTree = "<group>"; };
		B2C161CF191AF7A6009BF03E /* en */ = {isa = PBXFileReference; lastKnownFileType = text.plist.strings; name = en; path = en.lproj/InfoPlist.strings; sourceTree = "<group>"; };
		B2C161D1191AF7A6009BF03E /* main.m */ = {isa = PBXFileReference; lastKnownFileType = sourcecode.c.objc; path = main.m; sourceTree = "<group>"; };
		B2C161D3191AF7A6009BF03E /* ProgressBar-Prefix.pch */ = {isa = PBXFileReference; lastKnownFileType = sourcecode.c.h; path = "ProgressBar-Prefix.pch"; sourceTree = "<group>"; };
		B2C161D4191AF7A6009BF03E /* PBAppDelegate.h */ = {isa = PBXFileReference; lastKnownFileType = sourcecode.c.h; path = PBAppDelegate.h; sourceTree = "<group>"; };
		B2C161D5191AF7A6009BF03E /* PBAppDelegate.m */ = {isa = PBXFileReference; lastKnownFileType = sourcecode.c.objc; path = PBAppDelegate.m; sourceTree = "<group>"; };
		B2C161D8191AF7A6009BF03E /* Base */ = {isa = PBXFileReference; lastKnownFileType = file.storyboard; name = Base; path = Base.lproj/Main.storyboard; sourceTree = "<group>"; };
		B2C161DA191AF7A6009BF03E /* PBViewController.h */ = {isa = PBXFileReference; lastKnownFileType = sourcecode.c.h; path = PBViewController.h; sourceTree = "<group>"; };
		B2C161DB191AF7A6009BF03E /* PBViewController.m */ = {isa = PBXFileReference; lastKnownFileType = sourcecode.c.objc; path = PBViewController.m; sourceTree = "<group>"; };
		B2C161DD191AF7A6009BF03E /* Images.xcassets */ = {isa = PBXFileReference; lastKnownFileType = folder.assetcatalog; path = Images.xcassets; sourceTree = "<group>"; };
		B2C161E3191AF7A6009BF03E /* ProgressBarTests.xctest */ = {isa = PBXFileReference; explicitFileType = wrapper.cfbundle; includeInIndex = 0; path = ProgressBarTests.xctest; sourceTree = BUILT_PRODUCTS_DIR; };
		B2C161E4191AF7A6009BF03E /* XCTest.framework */ = {isa = PBXFileReference; lastKnownFileType = wrapper.framework; name = XCTest.framework; path = Library/Frameworks/XCTest.framework; sourceTree = DEVELOPER_DIR; };
		B2C161EC191AF7A6009BF03E /* ProgressBarTests-Info.plist */ = {isa = PBXFileReference; lastKnownFileType = text.plist.xml; path = "ProgressBarTests-Info.plist"; sourceTree = "<group>"; };
		B2C161EE191AF7A6009BF03E /* en */ = {isa = PBXFileReference; lastKnownFileType = text.plist.strings; name = en; path = en.lproj/InfoPlist.strings; sourceTree = "<group>"; };
		B2C161F0191AF7A6009BF03E /* ProgressBarTests.m */ = {isa = PBXFileReference; lastKnownFileType = sourcecode.c.objc; path = ProgressBarTests.m; sourceTree = "<group>"; };
/* End PBXFileReference section */

/* Begin PBXFrameworksBuildPhase section */
		B2C161BF191AF7A6009BF03E /* Frameworks */ = {
			isa = PBXFrameworksBuildPhase;
			buildActionMask = 2147483647;
			files = (
				B2C161C8191AF7A6009BF03E /* CoreGraphics.framework in Frameworks */,
				B2C161CA191AF7A6009BF03E /* UIKit.framework in Frameworks */,
				B2C161C6191AF7A6009BF03E /* Foundation.framework in Frameworks */,
			);
			runOnlyForDeploymentPostprocessing = 0;
		};
		B2C161E0191AF7A6009BF03E /* Frameworks */ = {
			isa = PBXFrameworksBuildPhase;
			buildActionMask = 2147483647;
			files = (
				B2C161E5191AF7A6009BF03E /* XCTest.framework in Frameworks */,
				B2C161E7191AF7A6009BF03E /* UIKit.framework in Frameworks */,
				B2C161E6191AF7A6009BF03E /* Foundation.framework in Frameworks */,
			);
			runOnlyForDeploymentPostprocessing = 0;
		};
/* End PBXFrameworksBuildPhase section */

/* Begin PBXGroup section */
		B2C161B9191AF7A6009BF03E = {
			isa = PBXGroup;
			children = (
				B2C161CB191AF7A6009BF03E /* ProgressBar */,
				B2C161EA191AF7A6009BF03E /* ProgressBarTests */,
				B2C161C4191AF7A6009BF03E /* Frameworks */,
				B2C161C3191AF7A6009BF03E /* Products */,
			);
			sourceTree = "<group>";
		};
		B2C161C3191AF7A6009BF03E /* Products */ = {
			isa = PBXGroup;
			children = (
				B2C161C2191AF7A6009BF03E /* ProgressBar.app */,
				B2C161E3191AF7A6009BF03E /* ProgressBarTests.xctest */,
			);
			name = Products;
			sourceTree = "<group>";
		};
		B2C161C4191AF7A6009BF03E /* Frameworks */ = {
			isa = PBXGroup;
			children = (
				B2C161C5191AF7A6009BF03E /* Foundation.framework */,
				B2C161C7191AF7A6009BF03E /* CoreGraphics.framework */,
				B2C161C9191AF7A6009BF03E /* UIKit.framework */,
				B2C161E4191AF7A6009BF03E /* XCTest.framework */,
			);
			name = Frameworks;
			sourceTree = "<group>";
		};
		B2C161CB191AF7A6009BF03E /* ProgressBar */ = {
			isa = PBXGroup;
			children = (
				B2C161D4191AF7A6009BF03E /* PBAppDelegate.h */,
				B2C161D5191AF7A6009BF03E /* PBAppDelegate.m */,
				B2C161D7191AF7A6009BF03E /* Main.storyboard */,
				B2C161DA191AF7A6009BF03E /* PBViewController.h */,
				B2C161DB191AF7A6009BF03E /* PBViewController.m */,
				B2C161DD191AF7A6009BF03E /* Images.xcassets */,
				B2C161CC191AF7A6009BF03E /* Supporting Files */,
			);
			path = ProgressBar;
			sourceTree = "<group>";
		};
		B2C161CC191AF7A6009BF03E /* Supporting Files */ = {
			isa = PBXGroup;
			children = (
				B2C161CD191AF7A6009BF03E /* ProgressBar-Info.plist */,
				B2C161CE191AF7A6009BF03E /* InfoPlist.strings */,
				B2C161D1191AF7A6009BF03E /* main.m */,
				B2C161D3191AF7A6009BF03E /* ProgressBar-Prefix.pch */,
			);
			name = "Supporting Files";
			sourceTree = "<group>";
		};
		B2C161EA191AF7A6009BF03E /* ProgressBarTests */ = {
			isa = PBXGroup;
			children = (
				B2C161F0191AF7A6009BF03E /* ProgressBarTests.m */,
				B2C161EB191AF7A6009BF03E /* Supporting Files */,
			);
			path = ProgressBarTests;
			sourceTree = "<group>";
		};
		B2C161EB191AF7A6009BF03E /* Supporting Files */ = {
			isa = PBXGroup;
			children = (
				B2C161EC191AF7A6009BF03E /* ProgressBarTests-Info.plist */,
				B2C161ED191AF7A6009BF03E /* InfoPlist.strings */,
			);
			name = "Supporting Files";
			sourceTree = "<group>";
		};
/* End PBXGroup section */

/* Begin PBXNativeTarget section */
		B2C161C1191AF7A6009BF03E /* ProgressBar */ = {
			isa = PBXNativeTarget;
			buildConfigurationList = B2C161F4191AF7A7009BF03E /* Build configuration list for PBXNativeTarget "ProgressBar" */;
			buildPhases = (
				B2C161BE191AF7A6009BF03E /* Sources */,
				B2C161BF191AF7A6009BF03E /* Frameworks */,
				B2C161C0191AF7A6009BF03E /* Resources */,
			);
			buildRules = (
			);
			dependencies = (
			);
			name = ProgressBar;
			productName = ProgressBar;
			productReference = B2C161C2191AF7A6009BF03E /* ProgressBar.app */;
			productType = "com.apple.product-type.application";
		};
		B2C161E2191AF7A6009BF03E /* ProgressBarTests */ = {
			isa = PBXNativeTarget;
			buildConfigurationList = B2C161F7191AF7A7009BF03E /* Build configuration list for PBXNativeTarget "ProgressBarTests" */;
			buildPhases = (
				B2C161DF191AF7A6009BF03E /* Sources */,
				B2C161E0191AF7A6009BF03E /* Frameworks */,
				B2C161E1191AF7A6009BF03E /* Resources */,
			);
			buildRules = (
			);
			dependencies = (
				B2C161E9191AF7A6009BF03E /* PBXTargetDependency */,
			);
			name = ProgressBarTests;
			productName = ProgressBarTests;
			productReference = B2C161E3191AF7A6009BF03E /* ProgressBarTests.xctest */;
			productType = "com.apple.product-type.bundle.unit-test";
		};
/* End PBXNativeTarget section */

/* Begin PBXProject section */
		B2C161BA191AF7A6009BF03E /* Project object */ = {
			isa = PBXProject;
			attributes = {
				CLASSPREFIX = PB;
				LastUpgradeCheck = 0510;
				ORGANIZATIONNAME = "Boxuan Zhang";
				TargetAttributes = {
					B2C161E2191AF7A6009BF03E = {
						TestTargetID = B2C161C1191AF7A6009BF03E;
					};
				};
			};
			buildConfigurationList = B2C161BD191AF7A6009BF03E /* Build configuration list for PBXProject "ProgressBar" */;
			compatibilityVersion = "Xcode 3.2";
			developmentRegion = English;
			hasScannedForEncodings = 0;
			knownRegions = (
				en,
				Base,
			);
			mainGroup = B2C161B9191AF7A6009BF03E;
			productRefGroup = B2C161C3191AF7A6009BF03E /* Products */;
			projectDirPath = "";
			projectRoot = "";
			targets = (
				B2C161C1191AF7A6009BF03E /* ProgressBar */,
				B2C161E2191AF7A6009BF03E /* ProgressBarTests */,
			);
		};
/* End PBXProject section */

/* Begin PBXResourcesBuildPhase section */
		B2C161C0191AF7A6009BF03E /* Resources */ = {
			isa = PBXResourcesBuildPhase;
			buildActionMask = 2147483647;
			files = (
				B2C161DE191AF7A6009BF03E /* Images.xcassets in Resources */,
				B2C161D0191AF7A6009BF03E /* InfoPlist.strings in Resources */,
				B2C161D9191AF7A6009BF03E /* Main.storyboard in Resources */,
			);
			runOnlyForDeploymentPostprocessing = 0;
		};
		B2C161E1191AF7A6009BF03E /* Resources */ = {
			isa = PBXResourcesBuildPhase;
			buildActionMask = 2147483647;
			files = (
				B2C161EF191AF7A6009BF03E /* InfoPlist.strings in Resources */,
			);
			runOnlyForDeploymentPostprocessing = 0;
		};
/* End PBXResourcesBuildPhase section */

/* Begin PBXSourcesBuildPhase section */
		B2C161BE191AF7A6009BF03E /* Sources */ = {
			isa = PBXSourcesBuildPhase;
			buildActionMask = 2147483647;
			files = (
				B2C161D6191AF7A6009BF03E /* PBAppDelegate.m in Sources */,
				B2C161DC191AF7A6009BF03E /* PBViewController.m in Sources */,
				B2C161D2191AF7A6009BF03E /* main.m in Sources */,
			);
			runOnlyForDeploymentPostprocessing = 0;
		};
		B2C161DF191AF7A6009BF03E /* Sources */ = {
			isa = PBXSourcesBuildPhase;
			buildActionMask = 2147483647;
			files = (
				B2C161F1191AF7A6009BF03E /* ProgressBarTests.m in Sources */,
			);
			runOnlyForDeploymentPostprocessing = 0;
		};
/* End PBXSourcesBuildPhase section */

/* Begin PBXTargetDependency section */
		B2C161E9191AF7A6009BF03E /* PBXTargetDependency */ = {
			isa = PBXTargetDependency;
			target = B2C161C1191AF7A6009BF03E /* ProgressBar */;
			targetProxy = B2C161E8191AF7A6009BF03E /* PBXContainerItemProxy */;
		};
/* End PBXTargetDependency section */

/* Begin PBXVariantGroup section */
		B2C161CE191AF7A6009BF03E /* InfoPlist.strings */ = {
			isa = PBXVariantGroup;
			children = (
				B2C161CF191AF7A6009BF03E /* en */,
			);
			name = InfoPlist.strings;
			sourceTree = "<group>";
		};
		B2C161D7191AF7A6009BF03E /* Main.storyboard */ = {
			isa = PBXVariantGroup;
			children = (
				B2C161D8191AF7A6009BF03E /* Base */,
			);
			name = Main.storyboard;
			sourceTree = "<group>";
		};
		B2C161ED191AF7A6009BF03E /* InfoPlist.strings */ = {
			isa = PBXVariantGroup;
			children = (
				B2C161EE191AF7A6009BF03E /* en */,
			);
			name = InfoPlist.strings;
			sourceTree = "<group>";
		};
/* End PBXVariantGroup section */

/* Begin XCBuildConfiguration section */
		B2C161F2191AF7A7009BF03E /* Debug */ = {
			isa = XCBuildConfiguration;
			buildSettings = {
				ALWAYS_SEARCH_USER_PATHS = NO;
				CLANG_CXX_LANGUAGE_STANDARD = "gnu++0x";
				CLANG_CXX_LIBRARY = "libc++";
				CLANG_ENABLE_MODULES = YES;
				CLANG_ENABLE_OBJC_ARC = YES;
				CLANG_WARN_BOOL_CONVERSION = YES;
				CLANG_WARN_CONSTANT_CONVERSION = YES;
				CLANG_WARN_DIRECT_OBJC_ISA_USAGE = YES_ERROR;
				CLANG_WARN_EMPTY_BODY = YES;
				CLANG_WARN_ENUM_CONVERSION = YES;
				CLANG_WARN_INT_CONVERSION = YES;
				CLANG_WARN_OBJC_ROOT_CLASS = YES_ERROR;
				CLANG_WARN__DUPLICATE_METHOD_MATCH = YES;
				"CODE_SIGN_IDENTITY[sdk=iphoneos*]" = "iPhone Developer";
				COPY_PHASE_STRIP = NO;
				GCC_C_LANGUAGE_STANDARD = gnu99;
				GCC_DYNAMIC_NO_PIC = NO;
				GCC_OPTIMIZATION_LEVEL = 0;
				GCC_PREPROCESSOR_DEFINITIONS = (
					"DEBUG=1",
					"$(inherited)",
				);
				GCC_SYMBOLS_PRIVATE_EXTERN = NO;
				GCC_WARN_64_TO_32_BIT_CONVERSION = YES;
				GCC_WARN_ABOUT_RETURN_TYPE = YES_ERROR;
				GCC_WARN_UNDECLARED_SELECTOR = YES;
				GCC_WARN_UNINITIALIZED_AUTOS = YES_AGGRESSIVE;
				GCC_WARN_UNUSED_FUNCTION = YES;
				GCC_WARN_UNUSED_VARIABLE = YES;
				IPHONEOS_DEPLOYMENT_TARGET = 7.1;
				ONLY_ACTIVE_ARCH = YES;
				SDKROOT = iphoneos;
			};
			name = Debug;
		};
		B2C161F3191AF7A7009BF03E /* Release */ = {
			isa = XCBuildConfiguration;
			buildSettings = {
				ALWAYS_SEARCH_USER_PATHS = NO;
				CLANG_CXX_LANGUAGE_STANDARD = "gnu++0x";
				CLANG_CXX_LIBRARY = "libc++";
				CLANG_ENABLE_MODULES = YES;
				CLANG_ENABLE_OBJC_ARC = YES;
				CLANG_WARN_BOOL_CONVERSION = YES;
				CLANG_WARN_CONSTANT_CONVERSION = YES;
				CLANG_WARN_DIRECT_OBJC_ISA_USAGE = YES_ERROR;
				CLANG_WARN_EMPTY_BODY = YES;
				CLANG_WARN_ENUM_CONVERSION = YES;
				CLANG_WARN_INT_CONVERSION = YES;
				CLANG_WARN_OBJC_ROOT_CLASS = YES_ERROR;
				CLANG_WARN__DUPLICATE_METHOD_MATCH = YES;
				"CODE_SIGN_IDENTITY[sdk=iphoneos*]" = "iPhone Developer";
				COPY_PHASE_STRIP = YES;
				ENABLE_NS_ASSERTIONS = NO;
				GCC_C_LANGUAGE_STANDARD = gnu99;
				GCC_WARN_64_TO_32_BIT_CONVERSION = YES;
				GCC_WARN_ABOUT_RETURN_TYPE = YES_ERROR;
				GCC_WARN_UNDECLARED_SELECTOR = YES;
				GCC_WARN_UNINITIALIZED_AUTOS = YES_AGGRESSIVE;
				GCC_WARN_UNUSED_FUNCTION = YES;
				GCC_WARN_UNUSED_VARIABLE = YES;
				IPHONEOS_DEPLOYMENT_TARGET = 7.1;
				SDKROOT = iphoneos;
				VALIDATE_PRODUCT = YES;
			};
			name = Release;
		};
		B2C161F5191AF7A7009BF03E /* Debug */ = {
			isa = XCBuildConfiguration;
			buildSettings = {
				ASSETCATALOG_COMPILER_APPICON_NAME = AppIcon;
				ASSETCATALOG_COMPILER_LAUNCHIMAGE_NAME = LaunchImage;
				GCC_PRECOMPILE_PREFIX_HEADER = YES;
				GCC_PREFIX_HEADER = "ProgressBar/ProgressBar-Prefix.pch";
				INFOPLIST_FILE = "ProgressBar/ProgressBar-Info.plist";
				PRODUCT_NAME = "$(TARGET_NAME)";
				WRAPPER_EXTENSION = app;
			};
			name = Debug;
		};
		B2C161F6191AF7A7009BF03E /* Release */ = {
			isa = XCBuildConfiguration;
			buildSettings = {
				ASSETCATALOG_COMPILER_APPICON_NAME = AppIcon;
				ASSETCATALOG_COMPILER_LAUNCHIMAGE_NAME = LaunchImage;
				GCC_PRECOMPILE_PREFIX_HEADER = YES;
				GCC_PREFIX_HEADER = "ProgressBar/ProgressBar-Prefix.pch";
				INFOPLIST_FILE = "ProgressBar/ProgressBar-Info.plist";
				PRODUCT_NAME = "$(TARGET_NAME)";
				WRAPPER_EXTENSION = app;
			};
			name = Release;
		};
		B2C161F8191AF7A7009BF03E /* Debug */ = {
			isa = XCBuildConfiguration;
			buildSettings = {
				BUNDLE_LOADER = "$(BUILT_PRODUCTS_DIR)/ProgressBar.app/ProgressBar";
				FRAMEWORK_SEARCH_PATHS = (
					"$(SDKROOT)/Developer/Library/Frameworks",
					"$(inherited)",
					"$(DEVELOPER_FRAMEWORKS_DIR)",
				);
				GCC_PRECOMPILE_PREFIX_HEADER = YES;
				GCC_PREFIX_HEADER = "ProgressBar/ProgressBar-Prefix.pch";
				GCC_PREPROCESSOR_DEFINITIONS = (
					"DEBUG=1",
					"$(inherited)",
				);
				INFOPLIST_FILE = "ProgressBarTests/ProgressBarTests-Info.plist";
				PRODUCT_NAME = "$(TARGET_NAME)";
				TEST_HOST = "$(BUNDLE_LOADER)";
				WRAPPER_EXTENSION = xctest;
			};
			name = Debug;
		};
		B2C161F9191AF7A7009BF03E /* Release */ = {
			isa = XCBuildConfiguration;
			buildSettings = {
				BUNDLE_LOADER = "$(BUILT_PRODUCTS_DIR)/ProgressBar.app/ProgressBar";
				FRAMEWORK_SEARCH_PATHS = (
					"$(SDKROOT)/Developer/Library/Frameworks",
					"$(inherited)",
					"$(DEVELOPER_FRAMEWORKS_DIR)",
				);
				GCC_PRECOMPILE_PREFIX_HEADER = YES;
				GCC_PREFIX_HEADER = "ProgressBar/ProgressBar-Prefix.pch";
				INFOPLIST_FILE = "ProgressBarTests/ProgressBarTests-Info.plist";
				PRODUCT_NAME = "$(TARGET_NAME)";
				TEST_HOST = "$(BUNDLE_LOADER)";
				WRAPPER_EXTENSION = xctest;
			};
			name = Release;
		};
/* End XCBuildConfiguration section */

/* Begin XCConfigurationList section */
		B2C161BD191AF7A6009BF03E /* Build configuration list for PBXProject "ProgressBar" */ = {
			isa = XCConfigurationList;
			buildConfigurations = (
				B2C161F2191AF7A7009BF03E /* Debug */,
				B2C161F3191AF7A7009BF03E /* Release */,
			);
			defaultConfigurationIsVisible = 0;
			defaultConfigurationName = Release;
		};
		B2C161F4191AF7A7009BF03E /* Build configuration list for PBXNativeTarget "ProgressBar" */ = {
			isa = XCConfigurationList;
			buildConfigurations = (
				B2C161F5191AF7A7009BF03E /* Debug */,
				B2C161F6191AF7A7009BF03E /* Release */,
			);
			defaultConfigurationIsVisible = 0;
		};
		B2C161F7191AF7A7009BF03E /* Build configuration list for PBXNativeTarget "ProgressBarTests" */ = {
			isa = XCConfigurationList;
			buildConfigurations = (
				B2C161F8191AF7A7009BF03E /* Debug */,
				B2C161F9191AF7A7009BF03E /* Release */,
			);
			defaultConfigurationIsVisible = 0;
		};
/* End XCConfigurationList section */
	};
	rootObject = B2C161BA191AF7A6009BF03E /* Project object */;
}
